
Microsoft Visual Studio Solution File, Format Version 12.00
Project("{FAE04EC0-301F-11D3-BF4B-00C04F79EFBC}") = "OnlineMinion.Common", "OnlineMinion.Common\OnlineMinion.Common.csproj", "{12D75875-E92A-4590-ACF7-C692BD065FCF}"
EndProject
Project("{FAE04EC0-301F-11D3-BF4B-00C04F79EFBC}") = "OnlineMinion.API", "OnlineMinion.API\OnlineMinion.API.csproj", "{ECE7C0B4-0E4C-4069-BADB-9533E698700C}"
EndProject
Project("{FAE04EC0-301F-11D3-BF4B-00C04F79EFBC}") = "OnlineMinion.Data", "OnlineMinion.Data\OnlineMinion.Data.csproj", "{E5F7CAE6-690A-4B97-8242-DE2FA1872635}"
EndProject
Project("{FAE04EC0-301F-11D3-BF4B-00C04F79EFBC}") = "OnlineMinion.Contracts", "OnlineMinion.Contracts\OnlineMinion.Contracts.csproj", "{3F57C057-53E7-4A97-AF9E-D8D7689882A3}"
EndProject
Project("{FAE04EC0-301F-11D3-BF4B-00C04F79EFBC}") = "OnlineMinion.Web", "OnlineMinion.Web\OnlineMinion.Web.csproj", "{156691A3-8993-47C8-BFB0-ECC03ABECAC7}"
EndProject
Project("{FAE04EC0-301F-11D3-BF4B-00C04F79EFBC}") = "OnlineMinion.Common.Infrastructure", "OnlineMinion.Common.Infrastructure\OnlineMinion.Common.Infrastructure.csproj", "{8546968C-16DB-4A0B-AC23-45A347D53EAF}"
EndProject
Project("{2150E333-8FDC-42A3-9474-1A3956D46DE8}") = "Applications", "Applications", "{C3D9C70D-E2D5-4B35-9AB1-CCF20C5F7C95}"
EndProject
Project("{2150E333-8FDC-42A3-9474-1A3956D46DE8}") = "Libraries", "Libraries", "{EE761EB0-AF63-4565-A620-3C5D82A760A4}"
EndProject
Project("{2150E333-8FDC-42A3-9474-1A3956D46DE8}") = "Tests", "Tests", "{F9E1A04B-C57E-4DB9-9C76-DA936E3800B7}"
EndProject
Global
	GlobalSection(SolutionConfigurationPlatforms) = preSolution
		Debug|Any CPU = Debug|Any CPU
		Release|Any CPU = Release|Any CPU
	EndGlobalSection
	GlobalSection(ProjectConfigurationPlatforms) = postSolution
		{12D75875-E92A-4590-ACF7-C692BD065FCF}.Debug|Any CPU.ActiveCfg = Debug|Any CPU
		{12D75875-E92A-4590-ACF7-C692BD065FCF}.Debug|Any CPU.Build.0 = Debug|Any CPU
		{12D75875-E92A-4590-ACF7-C692BD065FCF}.Release|Any CPU.ActiveCfg = Release|Any CPU
		{12D75875-E92A-4590-ACF7-C692BD065FCF}.Release|Any CPU.Build.0 = Release|Any CPU
		{ECE7C0B4-0E4C-4069-BADB-9533E698700C}.Debug|Any CPU.ActiveCfg = Debug|Any CPU
		{ECE7C0B4-0E4C-4069-BADB-9533E698700C}.Debug|Any CPU.Build.0 = Debug|Any CPU
		{ECE7C0B4-0E4C-4069-BADB-9533E698700C}.Release|Any CPU.ActiveCfg = Release|Any CPU
		{ECE7C0B4-0E4C-4069-BADB-9533E698700C}.Release|Any CPU.Build.0 = Release|Any CPU
		{E5F7CAE6-690A-4B97-8242-DE2FA1872635}.Debug|Any CPU.ActiveCfg = Debug|Any CPU
		{E5F7CAE6-690A-4B97-8242-DE2FA1872635}.Debug|Any CPU.Build.0 = Debug|Any CPU
		{E5F7CAE6-690A-4B97-8242-DE2FA1872635}.Release|Any CPU.ActiveCfg = Release|Any CPU
		{E5F7CAE6-690A-4B97-8242-DE2FA1872635}.Release|Any CPU.Build.0 = Release|Any CPU
		{3F57C057-53E7-4A97-AF9E-D8D7689882A3}.Debug|Any CPU.ActiveCfg = Debug|Any CPU
		{3F57C057-53E7-4A97-AF9E-D8D7689882A3}.Debug|Any CPU.Build.0 = Debug|Any CPU
		{3F57C057-53E7-4A97-AF9E-D8D7689882A3}.Release|Any CPU.ActiveCfg = Release|Any CPU
		{3F57C057-53E7-4A97-AF9E-D8D7689882A3}.Release|Any CPU.Build.0 = Release|Any CPU
		{156691A3-8993-47C8-BFB0-ECC03ABECAC7}.Debug|Any CPU.ActiveCfg = Debug|Any CPU
		{156691A3-8993-47C8-BFB0-ECC03ABECAC7}.Debug|Any CPU.Build.0 = Debug|Any CPU
		{156691A3-8993-47C8-BFB0-ECC03ABECAC7}.Release|Any CPU.ActiveCfg = Release|Any CPU
		{156691A3-8993-47C8-BFB0-ECC03ABECAC7}.Release|Any CPU.Build.0 = Release|Any CPU
		{8546968C-16DB-4A0B-AC23-45A347D53EAF}.Debug|Any CPU.ActiveCfg = Debug|Any CPU
		{8546968C-16DB-4A0B-AC23-45A347D53EAF}.Debug|Any CPU.Build.0 = Debug|Any CPU
		{8546968C-16DB-4A0B-AC23-45A347D53EAF}.Release|Any CPU.ActiveCfg = Release|Any CPU
		{8546968C-16DB-4A0B-AC23-45A347D53EAF}.Release|Any CPU.Build.0 = Release|Any CPU
	EndGlobalSection
	GlobalSection(NestedProjects) = preSolution
		{12D75875-E92A-4590-ACF7-C692BD065FCF} = {EE761EB0-AF63-4565-A620-3C5D82A760A4}
		{ECE7C0B4-0E4C-4069-BADB-9533E698700C} = {C3D9C70D-E2D5-4B35-9AB1-CCF20C5F7C95}
		{8546968C-16DB-4A0B-AC23-45A347D53EAF} = {EE761EB0-AF63-4565-A620-3C5D82A760A4}
		{3F57C057-53E7-4A97-AF9E-D8D7689882A3} = {EE761EB0-AF63-4565-A620-3C5D82A760A4}
		{E5F7CAE6-690A-4B97-8242-DE2FA1872635} = {EE761EB0-AF63-4565-A620-3C5D82A760A4}
		{156691A3-8993-47C8-BFB0-ECC03ABECAC7} = {C3D9C70D-E2D5-4B35-9AB1-CCF20C5F7C95}
	EndGlobalSection
EndGlobal
