
Microsoft Visual Studio Solution File, Format Version 12.00
Project("{FAE04EC0-301F-11D3-BF4B-00C04F79EFBC}") = "OnlineMinion.RestApi", "OnlineMinion.RestApi\OnlineMinion.RestApi.csproj", "{12D75875-E92A-4590-ACF7-C692BD065FCF}"
EndProject
Project("{FAE04EC0-301F-11D3-BF4B-00C04F79EFBC}") = "OnlineMinion.Application", "OnlineMinion.Application\OnlineMinion.Application.csproj", "{ECE7C0B4-0E4C-4069-BADB-9533E698700C}"
EndProject
Project("{FAE04EC0-301F-11D3-BF4B-00C04F79EFBC}") = "OnlineMinion.Data", "OnlineMinion.Data\OnlineMinion.Data.csproj", "{E5F7CAE6-690A-4B97-8242-DE2FA1872635}"
EndProject
Project("{FAE04EC0-301F-11D3-BF4B-00C04F79EFBC}") = "OnlineMinion.Contracts", "OnlineMinion.Contracts\OnlineMinion.Contracts.csproj", "{3F57C057-53E7-4A97-AF9E-D8D7689882A3}"
EndProject
Project("{FAE04EC0-301F-11D3-BF4B-00C04F79EFBC}") = "OnlineMinion.Web", "OnlineMinion.Web\OnlineMinion.Web.csproj", "{156691A3-8993-47C8-BFB0-ECC03ABECAC7}"
EndProject
Project("{FAE04EC0-301F-11D3-BF4B-00C04F79EFBC}") = "OnlineMinion.Common.Utilities", "OnlineMinion.Common.Utilities\OnlineMinion.Common.Utilities.csproj", "{8546968C-16DB-4A0B-AC23-45A347D53EAF}"
EndProject
Project("{2150E333-8FDC-42A3-9474-1A3956D46DE8}") = "Backend", "Backend", "{D5C564BF-AA58-47C4-897A-9C39793C6314}"
EndProject
Project("{2150E333-8FDC-42A3-9474-1A3956D46DE8}") = "CommonLibs", "CommonLibs", "{331FF033-C1A9-47B4-957B-F19FA3DDCFA0}"
EndProject
Project("{2150E333-8FDC-42A3-9474-1A3956D46DE8}") = "Frontend", "Frontend", "{169E0843-F011-45A6-A99B-27371F80948B}"
EndProject
Global
	GlobalSection(SolutionConfigurationPlatforms) = preSolution
		Debug|Any CPU = Debug|Any CPU
		Release|Any CPU = Release|Any CPU
	EndGlobalSection
	GlobalSection(ProjectConfigurationPlatforms) = postSolution
		{12D75875-E92A-4590-ACF7-C692BD065FCF}.Debug|Any CPU.ActiveCfg = Debug|Any CPU
		{12D75875-E92A-4590-ACF7-C692BD065FCF}.Debug|Any CPU.Build.0 = Debug|Any CPU
		{12D75875-E92A-4590-ACF7-C692BD065FCF}.Release|Any CPU.ActiveCfg = Release|Any CPU
		{12D75875-E92A-4590-ACF7-C692BD065FCF}.Release|Any CPU.Build.0 = Release|Any CPU
		{ECE7C0B4-0E4C-4069-BADB-9533E698700C}.Debug|Any CPU.ActiveCfg = Debug|Any CPU
		{ECE7C0B4-0E4C-4069-BADB-9533E698700C}.Debug|Any CPU.Build.0 = Debug|Any CPU
		{ECE7C0B4-0E4C-4069-BADB-9533E698700C}.Release|Any CPU.ActiveCfg = Release|Any CPU
		{ECE7C0B4-0E4C-4069-BADB-9533E698700C}.Release|Any CPU.Build.0 = Release|Any CPU
		{E5F7CAE6-690A-4B97-8242-DE2FA1872635}.Debug|Any CPU.ActiveCfg = Debug|Any CPU
		{E5F7CAE6-690A-4B97-8242-DE2FA1872635}.Debug|Any CPU.Build.0 = Debug|Any CPU
		{E5F7CAE6-690A-4B97-8242-DE2FA1872635}.Release|Any CPU.ActiveCfg = Release|Any CPU
		{E5F7CAE6-690A-4B97-8242-DE2FA1872635}.Release|Any CPU.Build.0 = Release|Any CPU
		{3F57C057-53E7-4A97-AF9E-D8D7689882A3}.Debug|Any CPU.ActiveCfg = Debug|Any CPU
		{3F57C057-53E7-4A97-AF9E-D8D7689882A3}.Debug|Any CPU.Build.0 = Debug|Any CPU
		{3F57C057-53E7-4A97-AF9E-D8D7689882A3}.Release|Any CPU.ActiveCfg = Release|Any CPU
		{3F57C057-53E7-4A97-AF9E-D8D7689882A3}.Release|Any CPU.Build.0 = Release|Any CPU
		{156691A3-8993-47C8-BFB0-ECC03ABECAC7}.Debug|Any CPU.ActiveCfg = Debug|Any CPU
		{156691A3-8993-47C8-BFB0-ECC03ABECAC7}.Debug|Any CPU.Build.0 = Debug|Any CPU
		{156691A3-8993-47C8-BFB0-ECC03ABECAC7}.Release|Any CPU.ActiveCfg = Release|Any CPU
		{156691A3-8993-47C8-BFB0-ECC03ABECAC7}.Release|Any CPU.Build.0 = Release|Any CPU
		{8546968C-16DB-4A0B-AC23-45A347D53EAF}.Debug|Any CPU.ActiveCfg = Debug|Any CPU
		{8546968C-16DB-4A0B-AC23-45A347D53EAF}.Debug|Any CPU.Build.0 = Debug|Any CPU
		{8546968C-16DB-4A0B-AC23-45A347D53EAF}.Release|Any CPU.ActiveCfg = Release|Any CPU
		{8546968C-16DB-4A0B-AC23-45A347D53EAF}.Release|Any CPU.Build.0 = Release|Any CPU
	EndGlobalSection
	GlobalSection(NestedProjects) = preSolution
		{ECE7C0B4-0E4C-4069-BADB-9533E698700C} = {D5C564BF-AA58-47C4-897A-9C39793C6314}
		{156691A3-8993-47C8-BFB0-ECC03ABECAC7} = {169E0843-F011-45A6-A99B-27371F80948B}
		{E5F7CAE6-690A-4B97-8242-DE2FA1872635} = {D5C564BF-AA58-47C4-897A-9C39793C6314}
		{3F57C057-53E7-4A97-AF9E-D8D7689882A3} = {331FF033-C1A9-47B4-957B-F19FA3DDCFA0}
		{8546968C-16DB-4A0B-AC23-45A347D53EAF} = {331FF033-C1A9-47B4-957B-F19FA3DDCFA0}
		{12D75875-E92A-4590-ACF7-C692BD065FCF} = {D5C564BF-AA58-47C4-897A-9C39793C6314}
	EndGlobalSection
EndGlobal
